// !$*UTF8*$!
{
	archiveVersion = 1;
	classes = {
	};
	objectVersion = 50;
	objects = {

/* Begin PBXBuildFile section */
		29563EBA255D2F5C0017667D /* AppDelegate.swift in Sources */ = {isa = PBXBuildFile; fileRef = 29563EB9255D2F5C0017667D /* AppDelegate.swift */; };
		29563EBC255D2F5C0017667D /* SceneDelegate.swift in Sources */ = {isa = PBXBuildFile; fileRef = 29563EBB255D2F5C0017667D /* SceneDelegate.swift */; };
		29563EBE255D2F5C0017667D /* MyPrescriptionsVC.swift in Sources */ = {isa = PBXBuildFile; fileRef = 29563EBD255D2F5C0017667D /* MyPrescriptionsVC.swift */; };
		29563EC0255D2F5C0017667D /* CalendarVC.swift in Sources */ = {isa = PBXBuildFile; fileRef = 29563EBF255D2F5C0017667D /* CalendarVC.swift */; };
		29563EC3255D2F5C0017667D /* Main.storyboard in Resources */ = {isa = PBXBuildFile; fileRef = 29563EC1255D2F5C0017667D /* Main.storyboard */; };
		29563EC6255D2F5C0017667D /* MedicineTracker.xcdatamodeld in Sources */ = {isa = PBXBuildFile; fileRef = 29563EC4255D2F5C0017667D /* MedicineTracker.xcdatamodeld */; };
		29563EC8255D2F5E0017667D /* Assets.xcassets in Resources */ = {isa = PBXBuildFile; fileRef = 29563EC7255D2F5E0017667D /* Assets.xcassets */; };
		29563ECB255D2F5E0017667D /* LaunchScreen.storyboard in Resources */ = {isa = PBXBuildFile; fileRef = 29563EC9255D2F5E0017667D /* LaunchScreen.storyboard */; };
		29563ED3255D2FF70017667D /* SettingsVC.swift in Sources */ = {isa = PBXBuildFile; fileRef = 29563ED2255D2FF70017667D /* SettingsVC.swift */; };
		29563ED7255D43650017667D /* AddPrescriptionVC.swift in Sources */ = {isa = PBXBuildFile; fileRef = 29563ED6255D43650017667D /* AddPrescriptionVC.swift */; };
		297B9F9A256F332D0038AF24 /* VerifyBeforeAddingVC.swift in Sources */ = {isa = PBXBuildFile; fileRef = 297B9F99256F332D0038AF24 /* VerifyBeforeAddingVC.swift */; };
		297B9FBB257064CF0038AF24 /* Prescription+CoreDataClass.swift in Sources */ = {isa = PBXBuildFile; fileRef = 297B9FB9257064CF0038AF24 /* Prescription+CoreDataClass.swift */; };
		297B9FBC257064CF0038AF24 /* Prescription+CoreDataProperties.swift in Sources */ = {isa = PBXBuildFile; fileRef = 297B9FBA257064CF0038AF24 /* Prescription+CoreDataProperties.swift */; };
		297B9FC225707B890038AF24 /* customDosageTimeVC.swift in Sources */ = {isa = PBXBuildFile; fileRef = 297B9FC125707B890038AF24 /* customDosageTimeVC.swift */; };
		F4DC7D762565FC9700086AF7 /* prescriptionCell.swift in Sources */ = {isa = PBXBuildFile; fileRef = F4DC7D742565FC9700086AF7 /* prescriptionCell.swift */; };
		F4DC7D772565FC9700086AF7 /* prescriptionCell.xib in Resources */ = {isa = PBXBuildFile; fileRef = F4DC7D752565FC9700086AF7 /* prescriptionCell.xib */; };
/* End PBXBuildFile section */

/* Begin PBXFileReference section */
		29563EB6255D2F5C0017667D /* MedicineTracker.app */ = {isa = PBXFileReference; explicitFileType = wrapper.application; includeInIndex = 0; path = MedicineTracker.app; sourceTree = BUILT_PRODUCTS_DIR; };
		29563EB9255D2F5C0017667D /* AppDelegate.swift */ = {isa = PBXFileReference; lastKnownFileType = sourcecode.swift; path = AppDelegate.swift; sourceTree = "<group>"; };
		29563EBB255D2F5C0017667D /* SceneDelegate.swift */ = {isa = PBXFileReference; lastKnownFileType = sourcecode.swift; path = SceneDelegate.swift; sourceTree = "<group>"; };
		29563EBD255D2F5C0017667D /* MyPrescriptionsVC.swift */ = {isa = PBXFileReference; lastKnownFileType = sourcecode.swift; path = MyPrescriptionsVC.swift; sourceTree = "<group>"; };
		29563EBF255D2F5C0017667D /* CalendarVC.swift */ = {isa = PBXFileReference; lastKnownFileType = sourcecode.swift; path = CalendarVC.swift; sourceTree = "<group>"; };
		29563EC2255D2F5C0017667D /* Base */ = {isa = PBXFileReference; lastKnownFileType = file.storyboard; name = Base; path = Base.lproj/Main.storyboard; sourceTree = "<group>"; };
		29563EC5255D2F5C0017667D /* MedicineTracker.xcdatamodel */ = {isa = PBXFileReference; lastKnownFileType = wrapper.xcdatamodel; path = MedicineTracker.xcdatamodel; sourceTree = "<group>"; };
		29563EC7255D2F5E0017667D /* Assets.xcassets */ = {isa = PBXFileReference; lastKnownFileType = folder.assetcatalog; path = Assets.xcassets; sourceTree = "<group>"; };
		29563ECA255D2F5E0017667D /* Base */ = {isa = PBXFileReference; lastKnownFileType = file.storyboard; name = Base; path = Base.lproj/LaunchScreen.storyboard; sourceTree = "<group>"; };
		29563ECC255D2F5E0017667D /* Info.plist */ = {isa = PBXFileReference; lastKnownFileType = text.plist.xml; path = Info.plist; sourceTree = "<group>"; };
		29563ED2255D2FF70017667D /* SettingsVC.swift */ = {isa = PBXFileReference; lastKnownFileType = sourcecode.swift; path = SettingsVC.swift; sourceTree = "<group>"; };
		29563ED6255D43650017667D /* AddPrescriptionVC.swift */ = {isa = PBXFileReference; lastKnownFileType = sourcecode.swift; path = AddPrescriptionVC.swift; sourceTree = "<group>"; };
		297B9F99256F332D0038AF24 /* VerifyBeforeAddingVC.swift */ = {isa = PBXFileReference; lastKnownFileType = sourcecode.swift; path = VerifyBeforeAddingVC.swift; sourceTree = "<group>"; };
		297B9FB9257064CF0038AF24 /* Prescription+CoreDataClass.swift */ = {isa = PBXFileReference; lastKnownFileType = sourcecode.swift; path = "Prescription+CoreDataClass.swift"; sourceTree = "<group>"; };
		297B9FBA257064CF0038AF24 /* Prescription+CoreDataProperties.swift */ = {isa = PBXFileReference; lastKnownFileType = sourcecode.swift; path = "Prescription+CoreDataProperties.swift"; sourceTree = "<group>"; };
		297B9FC125707B890038AF24 /* customDosageTimeVC.swift */ = {isa = PBXFileReference; lastKnownFileType = sourcecode.swift; path = customDosageTimeVC.swift; sourceTree = "<group>"; };
		F4DC7D742565FC9700086AF7 /* prescriptionCell.swift */ = {isa = PBXFileReference; lastKnownFileType = sourcecode.swift; path = prescriptionCell.swift; sourceTree = "<group>"; };
		F4DC7D752565FC9700086AF7 /* prescriptionCell.xib */ = {isa = PBXFileReference; lastKnownFileType = file.xib; path = prescriptionCell.xib; sourceTree = "<group>"; };
/* End PBXFileReference section */

/* Begin PBXFrameworksBuildPhase section */
		29563EB3255D2F5C0017667D /* Frameworks */ = {
			isa = PBXFrameworksBuildPhase;
			buildActionMask = 2147483647;
			files = (
			);
			runOnlyForDeploymentPostprocessing = 0;
		};
/* End PBXFrameworksBuildPhase section */

/* Begin PBXGroup section */
		29563EAD255D2F5C0017667D = {
			isa = PBXGroup;
			children = (
				297B9FB9257064CF0038AF24 /* Prescription+CoreDataClass.swift */,
				297B9FBA257064CF0038AF24 /* Prescription+CoreDataProperties.swift */,
				29563EB8255D2F5C0017667D /* MedicineTracker */,
				29563EB7255D2F5C0017667D /* Products */,
			);
			sourceTree = "<group>";
		};
		29563EB7255D2F5C0017667D /* Products */ = {
			isa = PBXGroup;
			children = (
				29563EB6255D2F5C0017667D /* MedicineTracker.app */,
			);
			name = Products;
			sourceTree = "<group>";
		};
		29563EB8255D2F5C0017667D /* MedicineTracker */ = {
			isa = PBXGroup;
			children = (
				297B9F8F256F12190038AF24 /* Model */,
				29563EB9255D2F5C0017667D /* AppDelegate.swift */,
				29563EBB255D2F5C0017667D /* SceneDelegate.swift */,
				F4DC7D742565FC9700086AF7 /* prescriptionCell.swift */,
				F4DC7D752565FC9700086AF7 /* prescriptionCell.xib */,
				29563EBD255D2F5C0017667D /* MyPrescriptionsVC.swift */,
				29563EBF255D2F5C0017667D /* CalendarVC.swift */,
				29563ED2255D2FF70017667D /* SettingsVC.swift */,
				297B9FC125707B890038AF24 /* customDosageTimeVC.swift */,
				29563ED6255D43650017667D /* AddPrescriptionVC.swift */,
				297B9F99256F332D0038AF24 /* VerifyBeforeAddingVC.swift */,
				29563EC1255D2F5C0017667D /* Main.storyboard */,
				29563EC7255D2F5E0017667D /* Assets.xcassets */,
				29563EC9255D2F5E0017667D /* LaunchScreen.storyboard */,
				29563ECC255D2F5E0017667D /* Info.plist */,
				29563EC4255D2F5C0017667D /* MedicineTracker.xcdatamodeld */,
			);
			path = MedicineTracker;
			sourceTree = "<group>";
		};
		297B9F8F256F12190038AF24 /* Model */ = {
			isa = PBXGroup;
			children = (
			);
			path = Model;
			sourceTree = "<group>";
		};
/* End PBXGroup section */

/* Begin PBXNativeTarget section */
		29563EB5255D2F5C0017667D /* MedicineTracker */ = {
			isa = PBXNativeTarget;
			buildConfigurationList = 29563ECF255D2F5E0017667D /* Build configuration list for PBXNativeTarget "MedicineTracker" */;
			buildPhases = (
				29563EB2255D2F5C0017667D /* Sources */,
				29563EB3255D2F5C0017667D /* Frameworks */,
				29563EB4255D2F5C0017667D /* Resources */,
			);
			buildRules = (
			);
			dependencies = (
			);
			name = MedicineTracker;
			productName = MedicineTracker;
			productReference = 29563EB6255D2F5C0017667D /* MedicineTracker.app */;
			productType = "com.apple.product-type.application";
		};
/* End PBXNativeTarget section */

/* Begin PBXProject section */
		29563EAE255D2F5C0017667D /* Project object */ = {
			isa = PBXProject;
			attributes = {
				LastSwiftUpdateCheck = 1170;
				LastUpgradeCheck = 1210;
				ORGANIZATIONNAME = "Omar Ahmad";
				TargetAttributes = {
					29563EB5255D2F5C0017667D = {
						CreatedOnToolsVersion = 11.7;
					};
				};
			};
			buildConfigurationList = 29563EB1255D2F5C0017667D /* Build configuration list for PBXProject "MedicineTracker" */;
			compatibilityVersion = "Xcode 9.3";
			developmentRegion = en;
			hasScannedForEncodings = 0;
			knownRegions = (
				en,
				Base,
			);
			mainGroup = 29563EAD255D2F5C0017667D;
			productRefGroup = 29563EB7255D2F5C0017667D /* Products */;
			projectDirPath = "";
			projectRoot = "";
			targets = (
				29563EB5255D2F5C0017667D /* MedicineTracker */,
			);
		};
/* End PBXProject section */

/* Begin PBXResourcesBuildPhase section */
		29563EB4255D2F5C0017667D /* Resources */ = {
			isa = PBXResourcesBuildPhase;
			buildActionMask = 2147483647;
			files = (
				29563ECB255D2F5E0017667D /* LaunchScreen.storyboard in Resources */,
				29563EC8255D2F5E0017667D /* Assets.xcassets in Resources */,
				29563EC3255D2F5C0017667D /* Main.storyboard in Resources */,
				F4DC7D772565FC9700086AF7 /* prescriptionCell.xib in Resources */,
			);
			runOnlyForDeploymentPostprocessing = 0;
		};
/* End PBXResourcesBuildPhase section */

/* Begin PBXSourcesBuildPhase section */
		29563EB2255D2F5C0017667D /* Sources */ = {
			isa = PBXSourcesBuildPhase;
			buildActionMask = 2147483647;
			files = (
				29563EC0255D2F5C0017667D /* CalendarVC.swift in Sources */,
				297B9FC225707B890038AF24 /* customDosageTimeVC.swift in Sources */,
				297B9FBC257064CF0038AF24 /* Prescription+CoreDataProperties.swift in Sources */,
				29563EBE255D2F5C0017667D /* MyPrescriptionsVC.swift in Sources */,
				29563EBA255D2F5C0017667D /* AppDelegate.swift in Sources */,
				297B9F9A256F332D0038AF24 /* VerifyBeforeAddingVC.swift in Sources */,
				29563EBC255D2F5C0017667D /* SceneDelegate.swift in Sources */,
				297B9FBB257064CF0038AF24 /* Prescription+CoreDataClass.swift in Sources */,
				29563EC6255D2F5C0017667D /* MedicineTracker.xcdatamodeld in Sources */,
				29563ED7255D43650017667D /* AddPrescriptionVC.swift in Sources */,
				29563ED3255D2FF70017667D /* SettingsVC.swift in Sources */,
				F4DC7D762565FC9700086AF7 /* prescriptionCell.swift in Sources */,
			);
			runOnlyForDeploymentPostprocessing = 0;
		};
/* End PBXSourcesBuildPhase section */

/* Begin PBXVariantGroup section */
		29563EC1255D2F5C0017667D /* Main.storyboard */ = {
			isa = PBXVariantGroup;
			children = (
				29563EC2255D2F5C0017667D /* Base */,
			);
			name = Main.storyboard;
			sourceTree = "<group>";
		};
		29563EC9255D2F5E0017667D /* LaunchScreen.storyboard */ = {
			isa = PBXVariantGroup;
			children = (
				29563ECA255D2F5E0017667D /* Base */,
			);
			name = LaunchScreen.storyboard;
			sourceTree = "<group>";
		};
/* End PBXVariantGroup section */

/* Begin XCBuildConfiguration section */
		29563ECD255D2F5E0017667D /* Debug */ = {
			isa = XCBuildConfiguration;
			buildSettings = {
				ALWAYS_SEARCH_USER_PATHS = NO;
				CLANG_ANALYZER_NONNULL = YES;
				CLANG_ANALYZER_NUMBER_OBJECT_CONVERSION = YES_AGGRESSIVE;
				CLANG_CXX_LANGUAGE_STANDARD = "gnu++14";
				CLANG_CXX_LIBRARY = "libc++";
				CLANG_ENABLE_MODULES = YES;
				CLANG_ENABLE_OBJC_ARC = YES;
				CLANG_ENABLE_OBJC_WEAK = YES;
				CLANG_WARN_BLOCK_CAPTURE_AUTORELEASING = YES;
				CLANG_WARN_BOOL_CONVERSION = YES;
				CLANG_WARN_COMMA = YES;
				CLANG_WARN_CONSTANT_CONVERSION = YES;
				CLANG_WARN_DEPRECATED_OBJC_IMPLEMENTATIONS = YES;
				CLANG_WARN_DIRECT_OBJC_ISA_USAGE = YES_ERROR;
				CLANG_WARN_DOCUMENTATION_COMMENTS = YES;
				CLANG_WARN_EMPTY_BODY = YES;
				CLANG_WARN_ENUM_CONVERSION = YES;
				CLANG_WARN_INFINITE_RECURSION = YES;
				CLANG_WARN_INT_CONVERSION = YES;
				CLANG_WARN_NON_LITERAL_NULL_CONVERSION = YES;
				CLANG_WARN_OBJC_IMPLICIT_RETAIN_SELF = YES;
				CLANG_WARN_OBJC_LITERAL_CONVERSION = YES;
				CLANG_WARN_OBJC_ROOT_CLASS = YES_ERROR;
				CLANG_WARN_QUOTED_INCLUDE_IN_FRAMEWORK_HEADER = YES;
				CLANG_WARN_RANGE_LOOP_ANALYSIS = YES;
				CLANG_WARN_STRICT_PROTOTYPES = YES;
				CLANG_WARN_SUSPICIOUS_MOVE = YES;
				CLANG_WARN_UNGUARDED_AVAILABILITY = YES_AGGRESSIVE;
				CLANG_WARN_UNREACHABLE_CODE = YES;
				CLANG_WARN__DUPLICATE_METHOD_MATCH = YES;
				COPY_PHASE_STRIP = NO;
				DEBUG_INFORMATION_FORMAT = dwarf;
				ENABLE_STRICT_OBJC_MSGSEND = YES;
				ENABLE_TESTABILITY = YES;
				GCC_C_LANGUAGE_STANDARD = gnu11;
				GCC_DYNAMIC_NO_PIC = NO;
				GCC_NO_COMMON_BLOCKS = YES;
				GCC_OPTIMIZATION_LEVEL = 0;
				GCC_PREPROCESSOR_DEFINITIONS = (
					"DEBUG=1",
					"$(inherited)",
				);
				GCC_WARN_64_TO_32_BIT_CONVERSION = YES;
				GCC_WARN_ABOUT_RETURN_TYPE = YES_ERROR;
				GCC_WARN_UNDECLARED_SELECTOR = YES;
				GCC_WARN_UNINITIALIZED_AUTOS = YES_AGGRESSIVE;
				GCC_WARN_UNUSED_FUNCTION = YES;
				GCC_WARN_UNUSED_VARIABLE = YES;
				IPHONEOS_DEPLOYMENT_TARGET = 14.0;
				MTL_ENABLE_DEBUG_INFO = INCLUDE_SOURCE;
				MTL_FAST_MATH = YES;
				ONLY_ACTIVE_ARCH = YES;
				SDKROOT = iphoneos;
				SWIFT_ACTIVE_COMPILATION_CONDITIONS = DEBUG;
				SWIFT_OPTIMIZATION_LEVEL = "-Onone";
			};
			name = Debug;
		};
		29563ECE255D2F5E0017667D /* Release */ = {
			isa = XCBuildConfiguration;
			buildSettings = {
				ALWAYS_SEARCH_USER_PATHS = NO;
				CLANG_ANALYZER_NONNULL = YES;
				CLANG_ANALYZER_NUMBER_OBJECT_CONVERSION = YES_AGGRESSIVE;
				CLANG_CXX_LANGUAGE_STANDARD = "gnu++14";
				CLANG_CXX_LIBRARY = "libc++";
				CLANG_ENABLE_MODULES = YES;
				CLANG_ENABLE_OBJC_ARC = YES;
				CLANG_ENABLE_OBJC_WEAK = YES;
				CLANG_WARN_BLOCK_CAPTURE_AUTORELEASING = YES;
				CLANG_WARN_BOOL_CONVERSION = YES;
				CLANG_WARN_COMMA = YES;
				CLANG_WARN_CONSTANT_CONVERSION = YES;
				CLANG_WARN_DEPRECATED_OBJC_IMPLEMENTATIONS = YES;
				CLANG_WARN_DIRECT_OBJC_ISA_USAGE = YES_ERROR;
				CLANG_WARN_DOCUMENTATION_COMMENTS = YES;
				CLANG_WARN_EMPTY_BODY = YES;
				CLANG_WARN_ENUM_CONVERSION = YES;
				CLANG_WARN_INFINITE_RECURSION = YES;
				CLANG_WARN_INT_CONVERSION = YES;
				CLANG_WARN_NON_LITERAL_NULL_CONVERSION = YES;
				CLANG_WARN_OBJC_IMPLICIT_RETAIN_SELF = YES;
				CLANG_WARN_OBJC_LITERAL_CONVERSION = YES;
				CLANG_WARN_OBJC_ROOT_CLASS = YES_ERROR;
				CLANG_WARN_QUOTED_INCLUDE_IN_FRAMEWORK_HEADER = YES;
				CLANG_WARN_RANGE_LOOP_ANALYSIS = YES;
				CLANG_WARN_STRICT_PROTOTYPES = YES;
				CLANG_WARN_SUSPICIOUS_MOVE = YES;
				CLANG_WARN_UNGUARDED_AVAILABILITY = YES_AGGRESSIVE;
				CLANG_WARN_UNREACHABLE_CODE = YES;
				CLANG_WARN__DUPLICATE_METHOD_MATCH = YES;
				COPY_PHASE_STRIP = NO;
				DEBUG_INFORMATION_FORMAT = "dwarf-with-dsym";
				ENABLE_NS_ASSERTIONS = NO;
				ENABLE_STRICT_OBJC_MSGSEND = YES;
				GCC_C_LANGUAGE_STANDARD = gnu11;
				GCC_NO_COMMON_BLOCKS = YES;
				GCC_WARN_64_TO_32_BIT_CONVERSION = YES;
				GCC_WARN_ABOUT_RETURN_TYPE = YES_ERROR;
				GCC_WARN_UNDECLARED_SELECTOR = YES;
				GCC_WARN_UNINITIALIZED_AUTOS = YES_AGGRESSIVE;
				GCC_WARN_UNUSED_FUNCTION = YES;
				GCC_WARN_UNUSED_VARIABLE = YES;
				IPHONEOS_DEPLOYMENT_TARGET = 14.0;
				MTL_ENABLE_DEBUG_INFO = NO;
				MTL_FAST_MATH = YES;
				SDKROOT = iphoneos;
				SWIFT_COMPILATION_MODE = wholemodule;
				SWIFT_OPTIMIZATION_LEVEL = "-O";
				VALIDATE_PRODUCT = YES;
			};
			name = Release;
		};
		29563ED0255D2F5E0017667D /* Debug */ = {
			isa = XCBuildConfiguration;
			buildSettings = {
				ASSETCATALOG_COMPILER_APPICON_NAME = AppIcon;
				CODE_SIGN_STYLE = Automatic;
				INFOPLIST_FILE = MedicineTracker/Info.plist;
				LD_RUNPATH_SEARCH_PATHS = (
					"$(inherited)",
					"@executable_path/Frameworks",
				);
				PRODUCT_BUNDLE_IDENTIFIER = omarahmad.MedicineTracker;
				PRODUCT_NAME = "$(TARGET_NAME)";
				SWIFT_VERSION = 5.0;
				TARGETED_DEVICE_FAMILY = "1,2";
			};
			name = Debug;
		};
		29563ED1255D2F5E0017667D /* Release */ = {
			isa = XCBuildConfiguration;
			buildSettings = {
				ASSETCATALOG_COMPILER_APPICON_NAME = AppIcon;
				CODE_SIGN_STYLE = Automatic;
				INFOPLIST_FILE = MedicineTracker/Info.plist;
				LD_RUNPATH_SEARCH_PATHS = (
					"$(inherited)",
					"@executable_path/Frameworks",
				);
				PRODUCT_BUNDLE_IDENTIFIER = omarahmad.MedicineTracker;
				PRODUCT_NAME = "$(TARGET_NAME)";
				SWIFT_VERSION = 5.0;
				TARGETED_DEVICE_FAMILY = "1,2";
			};
			name = Release;
		};
/* End XCBuildConfiguration section */

/* Begin XCConfigurationList section */
		29563EB1255D2F5C0017667D /* Build configuration list for PBXProject "MedicineTracker" */ = {
			isa = XCConfigurationList;
			buildConfigurations = (
				29563ECD255D2F5E0017667D /* Debug */,
				29563ECE255D2F5E0017667D /* Release */,
			);
			defaultConfigurationIsVisible = 0;
			defaultConfigurationName = Release;
		};
		29563ECF255D2F5E0017667D /* Build configuration list for PBXNativeTarget "MedicineTracker" */ = {
			isa = XCConfigurationList;
			buildConfigurations = (
				29563ED0255D2F5E0017667D /* Debug */,
				29563ED1255D2F5E0017667D /* Release */,
			);
			defaultConfigurationIsVisible = 0;
			defaultConfigurationName = Release;
		};
/* End XCConfigurationList section */

/* Begin XCVersionGroup section */
		29563EC4255D2F5C0017667D /* MedicineTracker.xcdatamodeld */ = {
			isa = XCVersionGroup;
			children = (
				29563EC5255D2F5C0017667D /* MedicineTracker.xcdatamodel */,
			);
			currentVersion = 29563EC5255D2F5C0017667D /* MedicineTracker.xcdatamodel */;
			path = MedicineTracker.xcdatamodeld;
			sourceTree = "<group>";
			versionGroupType = wrapper.xcdatamodel;
		};
/* End XCVersionGroup section */
	};
	rootObject = 29563EAE255D2F5C0017667D /* Project object */;
}
